
Microsoft Visual Studio Solution File, Format Version 12.00
# Visual Studio Version 17
VisualStudioVersion = 17.0.31512.422
MinimumVisualStudioVersion = 10.0.40219.1
Project("{9A19103F-16F7-4668-BE54-9A1E7A4F7556}") = "Sqlite_EF_Samples_Library", "src\Sqlite_EF_Samples_Library\Sqlite_EF_Samples_Library.csproj", "{760FCAA5-0FD6-41D3-AF4A-0F85F3496420}"
EndProject
Project("{9A19103F-16F7-4668-BE54-9A1E7A4F7556}") = "App_DevResources", "src\App_DevResources\App_DevResources.csproj", "{0C7EC4BB-0504-4AE2-9594-DBCD64D63205}"
EndProject
Project("{9A19103F-16F7-4668-BE54-9A1E7A4F7556}") = "MauiSharedLibrary", "src\MauiSharedLibrary\MauiSharedLibrary.csproj", "{5DA3E656-3E54-40C0-9BD5-5602614807AD}"
EndProject
Project("{9A19103F-16F7-4668-BE54-9A1E7A4F7556}") = "Default_MauiApp", "src\Default_MauiApp\Default_MauiApp.csproj", "{DE55116F-B9DD-4386-8FBC-AFEDC6C55026}"
EndProject
Project("{9A19103F-16F7-4668-BE54-9A1E7A4F7556}") = "AsyncCommandMvvm", "src\AsyncCommandMvvm\AsyncCommandMvvm.csproj", "{4B60F1D9-8D3F-4D36-AE21-EEF56FAB9A63}"
EndProject
Project("{9A19103F-16F7-4668-BE54-9A1E7A4F7556}") = "Button_Samples", "src\Button_Samples\Button_Samples.csproj", "{9E73E4F8-3771-449C-A40D-CC4E4FD9E424}"
EndProject
Project("{9A19103F-16F7-4668-BE54-9A1E7A4F7556}") = "CarouselView_Samples", "src\CarouselView_Samples\CarouselView_Samples.csproj", "{ABA97341-4B22-46C9-8137-34EF22D0F7C9}"
EndProject
Project("{9A19103F-16F7-4668-BE54-9A1E7A4F7556}") = "CollectionView_Samples", "src\CollectionView_Samples\CollectionView_Samples.csproj", "{7269261E-7158-4AAD-8049-B9DA85E2BA1D}"
EndProject
Project("{9A19103F-16F7-4668-BE54-9A1E7A4F7556}") = "Entry_Samples", "src\Entry_Samples\Entry_Samples.csproj", "{09E4651F-5EC4-4EB1-AF6E-7344150A11A6}"
EndProject
Project("{FAE04EC0-301F-11D3-BF4B-00C04F79EFBC}") = "Geolocation_Samples", "src\Geolocation_Samples\Geolocation_Samples.csproj", "{11353AA7-62BE-4152-9167-9F991596DB7A}"
EndProject
Project("{FAE04EC0-301F-11D3-BF4B-00C04F79EFBC}") = "Localization_Samples", "src\Localization_Samples\Localization_Samples.csproj", "{E38B844E-90DA-4A97-8964-1382B638AC40}"
EndProject
Project("{FAE04EC0-301F-11D3-BF4B-00C04F79EFBC}") = "RefreshView_Samples", "src\RefreshView_Samples\RefreshView_Samples.csproj", "{C3BD9F45-FBCB-4385-A564-DD37A2ECEC38}"
EndProject
Project("{FAE04EC0-301F-11D3-BF4B-00C04F79EFBC}") = "Sqlite_Dapper_Samples", "src\Sqlite_Dapper_Samples\Sqlite_Dapper_Samples.csproj", "{5707CF2F-1FE4-4E3E-B157-A9B6013EEFEC}"
EndProject
Project("{FAE04EC0-301F-11D3-BF4B-00C04F79EFBC}") = "Sqlite_EF_Samples", "src\Sqlite_EF_Samples\Sqlite_EF_Samples.csproj", "{B42F60E3-28CB-4332-BB1B-083A6E405F68}"
EndProject
Project("{FAE04EC0-301F-11D3-BF4B-00C04F79EFBC}") = "StartupConfigurationSample", "src\StartupConfigurationSample\StartupConfigurationSample.csproj", "{AF4CACBE-BA21-49A6-87D4-9E304AA5A7E1}"
EndProject
Project("{FAE04EC0-301F-11D3-BF4B-00C04F79EFBC}") = "Ui_Samples", "src\Ui_Samples\Ui_Samples.csproj", "{3DCB249A-8FD8-4F1C-9CD9-BF71E629E137}"
EndProject
Project("{FAE04EC0-301F-11D3-BF4B-00C04F79EFBC}") = "ViewModelIoc_Samples", "src\ViewModelIoc_Samples\ViewModelIoc_Samples.csproj", "{06F259AE-566B-448F-8FB8-24A7B28247BB}"
EndProject
Global
	GlobalSection(SolutionConfigurationPlatforms) = preSolution
		Debug|Any CPU = Debug|Any CPU
		Release|Any CPU = Release|Any CPU
	EndGlobalSection
	GlobalSection(ProjectConfigurationPlatforms) = postSolution
		{760FCAA5-0FD6-41D3-AF4A-0F85F3496420}.Debug|Any CPU.ActiveCfg = Debug|Any CPU
		{760FCAA5-0FD6-41D3-AF4A-0F85F3496420}.Debug|Any CPU.Build.0 = Debug|Any CPU
		{760FCAA5-0FD6-41D3-AF4A-0F85F3496420}.Release|Any CPU.ActiveCfg = Release|Any CPU
		{760FCAA5-0FD6-41D3-AF4A-0F85F3496420}.Release|Any CPU.Build.0 = Release|Any CPU
		{0C7EC4BB-0504-4AE2-9594-DBCD64D63205}.Debug|Any CPU.ActiveCfg = Debug|Any CPU
		{0C7EC4BB-0504-4AE2-9594-DBCD64D63205}.Debug|Any CPU.Build.0 = Debug|Any CPU
		{0C7EC4BB-0504-4AE2-9594-DBCD64D63205}.Release|Any CPU.ActiveCfg = Release|Any CPU
		{0C7EC4BB-0504-4AE2-9594-DBCD64D63205}.Release|Any CPU.Build.0 = Release|Any CPU
		{5DA3E656-3E54-40C0-9BD5-5602614807AD}.Debug|Any CPU.ActiveCfg = Debug|Any CPU
		{5DA3E656-3E54-40C0-9BD5-5602614807AD}.Debug|Any CPU.Build.0 = Debug|Any CPU
		{5DA3E656-3E54-40C0-9BD5-5602614807AD}.Release|Any CPU.ActiveCfg = Release|Any CPU
		{5DA3E656-3E54-40C0-9BD5-5602614807AD}.Release|Any CPU.Build.0 = Release|Any CPU
		{DE55116F-B9DD-4386-8FBC-AFEDC6C55026}.Debug|Any CPU.ActiveCfg = Debug|Any CPU
		{DE55116F-B9DD-4386-8FBC-AFEDC6C55026}.Debug|Any CPU.Build.0 = Debug|Any CPU
		{DE55116F-B9DD-4386-8FBC-AFEDC6C55026}.Debug|Any CPU.Deploy.0 = Debug|Any CPU
		{DE55116F-B9DD-4386-8FBC-AFEDC6C55026}.Release|Any CPU.ActiveCfg = Release|Any CPU
		{DE55116F-B9DD-4386-8FBC-AFEDC6C55026}.Release|Any CPU.Build.0 = Release|Any CPU
		{4B60F1D9-8D3F-4D36-AE21-EEF56FAB9A63}.Debug|Any CPU.ActiveCfg = Debug|Any CPU
		{4B60F1D9-8D3F-4D36-AE21-EEF56FAB9A63}.Debug|Any CPU.Build.0 = Debug|Any CPU
		{4B60F1D9-8D3F-4D36-AE21-EEF56FAB9A63}.Debug|Any CPU.Deploy.0 = Debug|Any CPU
		{4B60F1D9-8D3F-4D36-AE21-EEF56FAB9A63}.Release|Any CPU.ActiveCfg = Release|Any CPU
		{4B60F1D9-8D3F-4D36-AE21-EEF56FAB9A63}.Release|Any CPU.Build.0 = Release|Any CPU
		{9E73E4F8-3771-449C-A40D-CC4E4FD9E424}.Debug|Any CPU.ActiveCfg = Debug|Any CPU
		{9E73E4F8-3771-449C-A40D-CC4E4FD9E424}.Debug|Any CPU.Build.0 = Debug|Any CPU
		{9E73E4F8-3771-449C-A40D-CC4E4FD9E424}.Debug|Any CPU.Deploy.0 = Debug|Any CPU
		{9E73E4F8-3771-449C-A40D-CC4E4FD9E424}.Release|Any CPU.ActiveCfg = Release|Any CPU
		{9E73E4F8-3771-449C-A40D-CC4E4FD9E424}.Release|Any CPU.Build.0 = Release|Any CPU
		{ABA97341-4B22-46C9-8137-34EF22D0F7C9}.Debug|Any CPU.ActiveCfg = Debug|Any CPU
		{ABA97341-4B22-46C9-8137-34EF22D0F7C9}.Debug|Any CPU.Build.0 = Debug|Any CPU
		{ABA97341-4B22-46C9-8137-34EF22D0F7C9}.Debug|Any CPU.Deploy.0 = Debug|Any CPU
		{ABA97341-4B22-46C9-8137-34EF22D0F7C9}.Release|Any CPU.ActiveCfg = Release|Any CPU
		{ABA97341-4B22-46C9-8137-34EF22D0F7C9}.Release|Any CPU.Build.0 = Release|Any CPU
		{7269261E-7158-4AAD-8049-B9DA85E2BA1D}.Debug|Any CPU.ActiveCfg = Debug|Any CPU
		{7269261E-7158-4AAD-8049-B9DA85E2BA1D}.Debug|Any CPU.Build.0 = Debug|Any CPU
		{7269261E-7158-4AAD-8049-B9DA85E2BA1D}.Debug|Any CPU.Deploy.0 = Debug|Any CPU
		{7269261E-7158-4AAD-8049-B9DA85E2BA1D}.Release|Any CPU.ActiveCfg = Release|Any CPU
		{7269261E-7158-4AAD-8049-B9DA85E2BA1D}.Release|Any CPU.Build.0 = Release|Any CPU
		{09E4651F-5EC4-4EB1-AF6E-7344150A11A6}.Debug|Any CPU.ActiveCfg = Debug|Any CPU
		{09E4651F-5EC4-4EB1-AF6E-7344150A11A6}.Debug|Any CPU.Build.0 = Debug|Any CPU
		{09E4651F-5EC4-4EB1-AF6E-7344150A11A6}.Debug|Any CPU.Deploy.0 = Debug|Any CPU
		{09E4651F-5EC4-4EB1-AF6E-7344150A11A6}.Release|Any CPU.ActiveCfg = Release|Any CPU
		{09E4651F-5EC4-4EB1-AF6E-7344150A11A6}.Release|Any CPU.Build.0 = Release|Any CPU
		{11353AA7-62BE-4152-9167-9F991596DB7A}.Debug|Any CPU.ActiveCfg = Debug|Any CPU
		{11353AA7-62BE-4152-9167-9F991596DB7A}.Debug|Any CPU.Build.0 = Debug|Any CPU
		{11353AA7-62BE-4152-9167-9F991596DB7A}.Debug|Any CPU.Deploy.0 = Debug|Any CPU
		{11353AA7-62BE-4152-9167-9F991596DB7A}.Release|Any CPU.ActiveCfg = Release|Any CPU
		{11353AA7-62BE-4152-9167-9F991596DB7A}.Release|Any CPU.Build.0 = Release|Any CPU
		{E38B844E-90DA-4A97-8964-1382B638AC40}.Debug|Any CPU.ActiveCfg = Debug|Any CPU
		{E38B844E-90DA-4A97-8964-1382B638AC40}.Debug|Any CPU.Build.0 = Debug|Any CPU
		{E38B844E-90DA-4A97-8964-1382B638AC40}.Debug|Any CPU.Deploy.0 = Debug|Any CPU
		{E38B844E-90DA-4A97-8964-1382B638AC40}.Release|Any CPU.ActiveCfg = Release|Any CPU
		{E38B844E-90DA-4A97-8964-1382B638AC40}.Release|Any CPU.Build.0 = Release|Any CPU
		{C3BD9F45-FBCB-4385-A564-DD37A2ECEC38}.Debug|Any CPU.ActiveCfg = Debug|Any CPU
		{C3BD9F45-FBCB-4385-A564-DD37A2ECEC38}.Debug|Any CPU.Build.0 = Debug|Any CPU
		{C3BD9F45-FBCB-4385-A564-DD37A2ECEC38}.Debug|Any CPU.Deploy.0 = Debug|Any CPU
		{C3BD9F45-FBCB-4385-A564-DD37A2ECEC38}.Release|Any CPU.ActiveCfg = Release|Any CPU
		{C3BD9F45-FBCB-4385-A564-DD37A2ECEC38}.Release|Any CPU.Build.0 = Release|Any CPU
		{5707CF2F-1FE4-4E3E-B157-A9B6013EEFEC}.Debug|Any CPU.ActiveCfg = Debug|Any CPU
		{5707CF2F-1FE4-4E3E-B157-A9B6013EEFEC}.Debug|Any CPU.Build.0 = Debug|Any CPU
		{5707CF2F-1FE4-4E3E-B157-A9B6013EEFEC}.Debug|Any CPU.Deploy.0 = Debug|Any CPU
		{5707CF2F-1FE4-4E3E-B157-A9B6013EEFEC}.Release|Any CPU.ActiveCfg = Release|Any CPU
		{5707CF2F-1FE4-4E3E-B157-A9B6013EEFEC}.Release|Any CPU.Build.0 = Release|Any CPU
		{B42F60E3-28CB-4332-BB1B-083A6E405F68}.Debug|Any CPU.ActiveCfg = Debug|Any CPU
		{B42F60E3-28CB-4332-BB1B-083A6E405F68}.Debug|Any CPU.Build.0 = Debug|Any CPU
		{B42F60E3-28CB-4332-BB1B-083A6E405F68}.Debug|Any CPU.Deploy.0 = Debug|Any CPU
		{B42F60E3-28CB-4332-BB1B-083A6E405F68}.Release|Any CPU.ActiveCfg = Release|Any CPU
		{B42F60E3-28CB-4332-BB1B-083A6E405F68}.Release|Any CPU.Build.0 = Release|Any CPU
		{AF4CACBE-BA21-49A6-87D4-9E304AA5A7E1}.Debug|Any CPU.ActiveCfg = Debug|Any CPU
		{AF4CACBE-BA21-49A6-87D4-9E304AA5A7E1}.Debug|Any CPU.Build.0 = Debug|Any CPU
		{AF4CACBE-BA21-49A6-87D4-9E304AA5A7E1}.Debug|Any CPU.Deploy.0 = Debug|Any CPU
		{AF4CACBE-BA21-49A6-87D4-9E304AA5A7E1}.Release|Any CPU.ActiveCfg = Release|Any CPU
		{AF4CACBE-BA21-49A6-87D4-9E304AA5A7E1}.Release|Any CPU.Build.0 = Release|Any CPU
		{3DCB249A-8FD8-4F1C-9CD9-BF71E629E137}.Debug|Any CPU.ActiveCfg = Debug|Any CPU
		{3DCB249A-8FD8-4F1C-9CD9-BF71E629E137}.Debug|Any CPU.Build.0 = Debug|Any CPU
		{3DCB249A-8FD8-4F1C-9CD9-BF71E629E137}.Debug|Any CPU.Deploy.0 = Debug|Any CPU
		{3DCB249A-8FD8-4F1C-9CD9-BF71E629E137}.Release|Any CPU.ActiveCfg = Release|Any CPU
		{3DCB249A-8FD8-4F1C-9CD9-BF71E629E137}.Release|Any CPU.Build.0 = Release|Any CPU
		{06F259AE-566B-448F-8FB8-24A7B28247BB}.Debug|Any CPU.ActiveCfg = Debug|Any CPU
		{06F259AE-566B-448F-8FB8-24A7B28247BB}.Debug|Any CPU.Build.0 = Debug|Any CPU
		{06F259AE-566B-448F-8FB8-24A7B28247BB}.Debug|Any CPU.Deploy.0 = Debug|Any CPU
		{06F259AE-566B-448F-8FB8-24A7B28247BB}.Release|Any CPU.ActiveCfg = Release|Any CPU
		{06F259AE-566B-448F-8FB8-24A7B28247BB}.Release|Any CPU.Build.0 = Release|Any CPU
	EndGlobalSection
	GlobalSection(SolutionProperties) = preSolution
		HideSolutionNode = FALSE
	EndGlobalSection
	GlobalSection(ExtensibilityGlobals) = postSolution
		SolutionGuid = {EEA45087-F8A2-4D0B-B7E1-801FBC3E052E}
	EndGlobalSection
EndGlobal
