
Microsoft Visual Studio Solution File, Format Version 12.00
# Visual Studio Version 17
VisualStudioVersion = 17.0.31512.422
MinimumVisualStudioVersion = 10.0.40219.1
Project("{9A19103F-16F7-4668-BE54-9A1E7A4F7556}") = "Sqlite_EF_Samples_Library", "src\Sqlite_EF_Samples_Library\Sqlite_EF_Samples_Library.csproj", "{760FCAA5-0FD6-41D3-AF4A-0F85F3496420}"
EndProject
Project("{9A19103F-16F7-4668-BE54-9A1E7A4F7556}") = "App_DevResources", "src\App_DevResources\App_DevResources.csproj", "{0C7EC4BB-0504-4AE2-9594-DBCD64D63205}"
EndProject
Project("{2150E333-8FDC-42A3-9474-1A3956D46DE8}") = "Shared", "Shared", "{ABA9CB14-EE74-4E8A-9486-694024FA590B}"
EndProject
Project("{9A19103F-16F7-4668-BE54-9A1E7A4F7556}") = "Localization_Samples_Library", "src\Localization_Samples_Library\Localization_Samples_Library.csproj", "{93DBEAD5-0CA3-4BA3-BD0A-1F9D4CE3FEDF}"
EndProject
Project("{2150E333-8FDC-42A3-9474-1A3956D46DE8}") = "Default", "Default", "{392B80A3-648F-427A-8B4C-4FE12DE61D5F}"
EndProject
Project("{9A19103F-16F7-4668-BE54-9A1E7A4F7556}") = "ShortMvvm", "src\ShortMvvm\ShortMvvm.csproj", "{14ED79BE-A29C-448A-879C-E81372B66F60}"
EndProject
Project("{2150E333-8FDC-42A3-9474-1A3956D46DE8}") = "Blazor", "Blazor", "{48D0786F-C099-4B7A-81C6-E0604ADBD545}"
EndProject
Project("{9A19103F-16F7-4668-BE54-9A1E7A4F7556}") = "Default_BlazorApp", "src\Default_BlazorApp\Default_BlazorApp.csproj", "{B81C65D2-8E4F-42BA-928A-80A318E26810}"
EndProject
Project("{9A19103F-16F7-4668-BE54-9A1E7A4F7556}") = "Default_ClassLibrary", "src\Default_ClassLibrary\Default_ClassLibrary.csproj", "{12FC209E-65D4-40F7-B1D0-47F8FB716FC5}"
EndProject
Project("{9A19103F-16F7-4668-BE54-9A1E7A4F7556}") = "AppCenter_Samples", "src\AppCenter_Samples\AppCenter_Samples.csproj", "{2E849ED0-E508-482E-BD34-E4A4C3DBA596}"
EndProject
Project("{9A19103F-16F7-4668-BE54-9A1E7A4F7556}") = "AsyncCommandMvvm", "src\AsyncCommandMvvm\AsyncCommandMvvm.csproj", "{2BE70A41-C61C-4DB7-9EFE-7B0040EDF433}"
EndProject
Project("{9A19103F-16F7-4668-BE54-9A1E7A4F7556}") = "Button_Samples", "src\Button_Samples\Button_Samples.csproj", "{0499A145-06CA-40AF-B874-4A70872DBEF4}"
EndProject
Project("{9A19103F-16F7-4668-BE54-9A1E7A4F7556}") = "CarouselView_Samples", "src\CarouselView_Samples\CarouselView_Samples.csproj", "{F1A1F7E1-7000-4DDF-BB16-8E1DCF19ADC9}"
EndProject
Project("{9A19103F-16F7-4668-BE54-9A1E7A4F7556}") = "CollectionView_Samples", "src\CollectionView_Samples\CollectionView_Samples.csproj", "{1FE388E7-066A-4054-B6A1-51A26A760F71}"
EndProject
Project("{9A19103F-16F7-4668-BE54-9A1E7A4F7556}") = "Entry_Samples", "src\Entry_Samples\Entry_Samples.csproj", "{01D23872-41CA-40B5-A1E1-2489D142E037}"
EndProject
Project("{9A19103F-16F7-4668-BE54-9A1E7A4F7556}") = "FilePicker_Samples", "src\FilePicker_Samples\FilePicker_Samples.csproj", "{49ADDEF0-A6C1-4D6F-9EEE-653688FF6E04}"
EndProject
Project("{9A19103F-16F7-4668-BE54-9A1E7A4F7556}") = "FlyoutPage_Samples", "src\FlyoutPage_Samples\FlyoutPage_Samples.csproj", "{43E62163-57DD-48B5-BB4C-1AD583490A5E}"
EndProject
Project("{9A19103F-16F7-4668-BE54-9A1E7A4F7556}") = "FontIcons_Samples", "src\FontIcons_Samples\FontIcons_Samples.csproj", "{B3701883-3489-4BFF-B40D-B40A9303A168}"
EndProject
Project("{9A19103F-16F7-4668-BE54-9A1E7A4F7556}") = "BlazorApp_Vue_Samples", "src\BlazorApp_Vue_Samples\BlazorApp_Vue_Samples.csproj", "{B6561631-EB96-4B27-823A-A9D2E44F1A0C}"
EndProject
Project("{9A19103F-16F7-4668-BE54-9A1E7A4F7556}") = "BlazorApp_React_Samples", "src\BlazorApp_React_Samples\BlazorApp_React_Samples.csproj", "{6B3AC884-02E3-461A-8E7B-0CBD4AB6CA8C}"
EndProject
Project("{9A19103F-16F7-4668-BE54-9A1E7A4F7556}") = "Frame_Samples", "src\Frame_Samples\Frame_Samples.csproj", "{10C8DB14-9D2E-4F97-B013-3B5A42197D8D}"
EndProject
Project("{9A19103F-16F7-4668-BE54-9A1E7A4F7556}") = "Geolocation_Samples", "src\Geolocation_Samples\Geolocation_Samples.csproj", "{3ED33763-554A-4FBA-BE37-7504B9BEF0DB}"
EndProject
Project("{9A19103F-16F7-4668-BE54-9A1E7A4F7556}") = "ItemsPicker_Samples", "src\ItemsPicker_Samples\ItemsPicker_Samples.csproj", "{332652B7-3B65-4020-983F-B7CB6ECAB891}"
EndProject
Project("{9A19103F-16F7-4668-BE54-9A1E7A4F7556}") = "Label_Samples", "src\Label_Samples\Label_Samples.csproj", "{38EB166C-F13B-4AA2-9AE0-B831A4A731B2}"
EndProject
Project("{9A19103F-16F7-4668-BE54-9A1E7A4F7556}") = "Localization_Samples", "src\Localization_Samples\Localization_Samples.csproj", "{C69EA2E0-729A-49C1-99D2-EA95ACFB42DD}"
EndProject
Project("{9A19103F-16F7-4668-BE54-9A1E7A4F7556}") = "MessagingCenter_Samples", "src\MessagingCenter_Samples\MessagingCenter_Samples.csproj", "{AAC97CDC-FBC3-441F-9473-675EE8314E2B}"
EndProject
Project("{9A19103F-16F7-4668-BE54-9A1E7A4F7556}") = "Mix_Samples", "src\Mix_Samples\Mix_Samples.csproj", "{3903C6CF-E7EB-4259-9F0A-E4686EC0C701}"
EndProject
Project("{9A19103F-16F7-4668-BE54-9A1E7A4F7556}") = "RefreshView_Samples", "src\RefreshView_Samples\RefreshView_Samples.csproj", "{0773D9AF-7BAC-4F6A-A24E-6DA99FAACEF8}"
EndProject
Project("{9A19103F-16F7-4668-BE54-9A1E7A4F7556}") = "SearchBar_Samples", "src\SearchBar_Samples\SearchBar_Samples.csproj", "{3E8DABDD-6CE0-423F-8C10-A42BDC7093A4}"
EndProject
Project("{9A19103F-16F7-4668-BE54-9A1E7A4F7556}") = "ShellFlyoutPage_Samples", "src\ShellFlyoutPage_Samples\ShellFlyoutPage_Samples.csproj", "{EE6A1A60-72F2-4EC1-A3AE-C3DF68862229}"
EndProject
Project("{9A19103F-16F7-4668-BE54-9A1E7A4F7556}") = "Sqlite_Dapper_Samples", "src\Sqlite_Dapper_Samples\Sqlite_Dapper_Samples.csproj", "{4A98E3B6-41B9-4DF7-9F36-4EF67AF5241F}"
EndProject
Project("{9A19103F-16F7-4668-BE54-9A1E7A4F7556}") = "Sqlite_EF_Samples", "src\Sqlite_EF_Samples\Sqlite_EF_Samples.csproj", "{1017A416-9620-4854-864A-FFDFE3C91BFB}"
EndProject
Project("{9A19103F-16F7-4668-BE54-9A1E7A4F7556}") = "StartupConfigurationSample", "src\StartupConfigurationSample\StartupConfigurationSample.csproj", "{86BF2A03-E16A-4345-8F03-D884EBC74F64}"
EndProject
Project("{9A19103F-16F7-4668-BE54-9A1E7A4F7556}") = "SwipeView_Samples", "src\SwipeView_Samples\SwipeView_Samples.csproj", "{C674C8AF-5E70-41B4-A752-6BF8CDF7C259}"
EndProject
Project("{9A19103F-16F7-4668-BE54-9A1E7A4F7556}") = "Validation_Samples", "src\Validation_Samples\Validation_Samples.csproj", "{C02EF6A7-04E8-446D-AB58-B86682D37DD0}"
EndProject
Project("{9A19103F-16F7-4668-BE54-9A1E7A4F7556}") = "ViewModelIoc_Samples", "src\ViewModelIoc_Samples\ViewModelIoc_Samples.csproj", "{55D548E1-9538-4A07-8E90-48B746945277}"
EndProject
Project("{9A19103F-16F7-4668-BE54-9A1E7A4F7556}") = "ToastNotification_Samples", "src\ToastNotification_Samples\ToastNotification_Samples.csproj", "{9C5BA258-104D-4085-B053-004B10C5E185}"
EndProject
Project("{9A19103F-16F7-4668-BE54-9A1E7A4F7556}") = "BlazorApp_WindowDimensions", "src\BlazorApp_WindowDimensions\BlazorApp_WindowDimensions.csproj", "{FEA991D1-9974-4BE5-AF4F-C78A09372A2E}"
EndProject
Project("{9A19103F-16F7-4668-BE54-9A1E7A4F7556}") = "BlazorApp_GameCanvas_Samples", "src\BlazorApp_GameCanvas_Samples\BlazorApp_GameCanvas_Samples.csproj", "{DC01CA0B-A1FD-48CC-B0AA-1513AEC7D108}"
EndProject
Project("{9A19103F-16F7-4668-BE54-9A1E7A4F7556}") = "GameLoopLib", "src\GameLoopLib\GameLoopLib.csproj", "{B934BE31-ECE4-4C12-B4D9-C9B9433D2181}"
EndProject
Project("{9A19103F-16F7-4668-BE54-9A1E7A4F7556}") = "GraphicsView_Samples", "src\GraphicsView_Samples\GraphicsView_Samples.csproj", "{99D74E29-CB11-4906-87D3-C9288986A7AE}"
EndProject
Project("{9A19103F-16F7-4668-BE54-9A1E7A4F7556}") = "BlazorApp_Svg_Samples", "src\BlazorApp_Svg_Samples\BlazorApp_Svg_Samples.csproj", "{618DCBEC-07DE-4129-930E-B0EBE8D6BB83}"
EndProject
Project("{9A19103F-16F7-4668-BE54-9A1E7A4F7556}") = "OidcSamples", "src\OidcSamples\OidcSamples.csproj", "{41F69431-BED5-44C0-9AD7-14E5BCA10BC8}"
EndProject
Project("{9A19103F-16F7-4668-BE54-9A1E7A4F7556}") = "Setup_Samples", "src\Setup_Samples\Setup_Samples.csproj", "{BD12468C-6470-4570-A69E-AE32DFB22FEB}"
EndProject
Project("{9A19103F-16F7-4668-BE54-9A1E7A4F7556}") = "Splash_Samples", "src\Splash_Samples\Splash_Samples.csproj", "{CEB4296D-B8C0-487E-AFAF-15CEB626D020}"
EndProject
Project("{9A19103F-16F7-4668-BE54-9A1E7A4F7556}") = "Logging_Startup_Samples", "src\Logging_Startup_Samples\Logging_Startup_Samples.csproj", "{255AEA41-33C4-4D5D-8BED-A3A25BF461CD}"
EndProject
Project("{9A19103F-16F7-4668-BE54-9A1E7A4F7556}") = "OAuth_Samples", "src\OAuth_Samples\OAuth_Samples.csproj", "{FC3ED072-9F37-441B-B43E-250F9CF55134}"
EndProject
Project("{9A19103F-16F7-4668-BE54-9A1E7A4F7556}") = "IdentityServer4_Samples", "src\IdentityServer4_Samples\IdentityServer4_Samples.csproj", "{EBDEA15F-3D5F-4FDC-8CFC-37200F2B84D9}"
EndProject
Project("{9A19103F-16F7-4668-BE54-9A1E7A4F7556}") = "WebView_Samples", "src\WebView_Samples\WebView_Samples.csproj", "{36D6DEBE-A016-4C00-9188-6A10AB3AD94B}"
EndProject
Project("{FAE04EC0-301F-11D3-BF4B-00C04F79EFBC}") = "Default_App", "src\Default_App\Default_App.csproj", "{F8A11739-4FB4-46EC-BEF2-2AD70651C637}"
EndProject
Project("{2150E333-8FDC-42A3-9474-1A3956D46DE8}") = "MAUI-Cloud-Skills-Challenge", "MAUI-Cloud-Skills-Challenge", "{E05C1360-D708-4407-8EF2-62D94DEB41B9}"
EndProject
Project("{FAE04EC0-301F-11D3-BF4B-00C04F79EFBC}") = "Phoneword", "src\Phoneword\Phoneword.csproj", "{61F04774-DB48-4D28-B6B0-1567FCEC418B}"
EndProject
Global
	GlobalSection(SolutionConfigurationPlatforms) = preSolution
		Debug|Any CPU = Debug|Any CPU
		Release|Any CPU = Release|Any CPU
	EndGlobalSection
	GlobalSection(ProjectConfigurationPlatforms) = postSolution
		{760FCAA5-0FD6-41D3-AF4A-0F85F3496420}.Debug|Any CPU.ActiveCfg = Debug|Any CPU
		{760FCAA5-0FD6-41D3-AF4A-0F85F3496420}.Debug|Any CPU.Build.0 = Debug|Any CPU
		{760FCAA5-0FD6-41D3-AF4A-0F85F3496420}.Release|Any CPU.ActiveCfg = Release|Any CPU
		{760FCAA5-0FD6-41D3-AF4A-0F85F3496420}.Release|Any CPU.Build.0 = Release|Any CPU
		{0C7EC4BB-0504-4AE2-9594-DBCD64D63205}.Debug|Any CPU.ActiveCfg = Debug|Any CPU
		{0C7EC4BB-0504-4AE2-9594-DBCD64D63205}.Debug|Any CPU.Build.0 = Debug|Any CPU
		{0C7EC4BB-0504-4AE2-9594-DBCD64D63205}.Release|Any CPU.ActiveCfg = Release|Any CPU
		{0C7EC4BB-0504-4AE2-9594-DBCD64D63205}.Release|Any CPU.Build.0 = Release|Any CPU
		{93DBEAD5-0CA3-4BA3-BD0A-1F9D4CE3FEDF}.Debug|Any CPU.ActiveCfg = Debug|Any CPU
		{93DBEAD5-0CA3-4BA3-BD0A-1F9D4CE3FEDF}.Debug|Any CPU.Build.0 = Debug|Any CPU
		{93DBEAD5-0CA3-4BA3-BD0A-1F9D4CE3FEDF}.Release|Any CPU.ActiveCfg = Release|Any CPU
		{93DBEAD5-0CA3-4BA3-BD0A-1F9D4CE3FEDF}.Release|Any CPU.Build.0 = Release|Any CPU
		{14ED79BE-A29C-448A-879C-E81372B66F60}.Debug|Any CPU.ActiveCfg = Debug|Any CPU
		{14ED79BE-A29C-448A-879C-E81372B66F60}.Debug|Any CPU.Build.0 = Debug|Any CPU
		{14ED79BE-A29C-448A-879C-E81372B66F60}.Release|Any CPU.ActiveCfg = Release|Any CPU
		{14ED79BE-A29C-448A-879C-E81372B66F60}.Release|Any CPU.Build.0 = Release|Any CPU
		{B81C65D2-8E4F-42BA-928A-80A318E26810}.Debug|Any CPU.ActiveCfg = Debug|Any CPU
		{B81C65D2-8E4F-42BA-928A-80A318E26810}.Debug|Any CPU.Build.0 = Debug|Any CPU
		{B81C65D2-8E4F-42BA-928A-80A318E26810}.Debug|Any CPU.Deploy.0 = Debug|Any CPU
		{B81C65D2-8E4F-42BA-928A-80A318E26810}.Release|Any CPU.ActiveCfg = Release|Any CPU
		{B81C65D2-8E4F-42BA-928A-80A318E26810}.Release|Any CPU.Build.0 = Release|Any CPU
		{B81C65D2-8E4F-42BA-928A-80A318E26810}.Release|Any CPU.Deploy.0 = Release|Any CPU
		{12FC209E-65D4-40F7-B1D0-47F8FB716FC5}.Debug|Any CPU.ActiveCfg = Debug|Any CPU
		{12FC209E-65D4-40F7-B1D0-47F8FB716FC5}.Debug|Any CPU.Build.0 = Debug|Any CPU
		{12FC209E-65D4-40F7-B1D0-47F8FB716FC5}.Release|Any CPU.ActiveCfg = Release|Any CPU
		{12FC209E-65D4-40F7-B1D0-47F8FB716FC5}.Release|Any CPU.Build.0 = Release|Any CPU
		{2E849ED0-E508-482E-BD34-E4A4C3DBA596}.Debug|Any CPU.ActiveCfg = Debug|Any CPU
		{2E849ED0-E508-482E-BD34-E4A4C3DBA596}.Debug|Any CPU.Build.0 = Debug|Any CPU
		{2E849ED0-E508-482E-BD34-E4A4C3DBA596}.Debug|Any CPU.Deploy.0 = Debug|Any CPU
		{2E849ED0-E508-482E-BD34-E4A4C3DBA596}.Release|Any CPU.ActiveCfg = Release|Any CPU
		{2E849ED0-E508-482E-BD34-E4A4C3DBA596}.Release|Any CPU.Build.0 = Release|Any CPU
		{2E849ED0-E508-482E-BD34-E4A4C3DBA596}.Release|Any CPU.Deploy.0 = Release|Any CPU
		{2BE70A41-C61C-4DB7-9EFE-7B0040EDF433}.Debug|Any CPU.ActiveCfg = Debug|Any CPU
		{2BE70A41-C61C-4DB7-9EFE-7B0040EDF433}.Debug|Any CPU.Build.0 = Debug|Any CPU
		{2BE70A41-C61C-4DB7-9EFE-7B0040EDF433}.Debug|Any CPU.Deploy.0 = Debug|Any CPU
		{2BE70A41-C61C-4DB7-9EFE-7B0040EDF433}.Release|Any CPU.ActiveCfg = Release|Any CPU
		{2BE70A41-C61C-4DB7-9EFE-7B0040EDF433}.Release|Any CPU.Build.0 = Release|Any CPU
		{2BE70A41-C61C-4DB7-9EFE-7B0040EDF433}.Release|Any CPU.Deploy.0 = Release|Any CPU
		{0499A145-06CA-40AF-B874-4A70872DBEF4}.Debug|Any CPU.ActiveCfg = Debug|Any CPU
		{0499A145-06CA-40AF-B874-4A70872DBEF4}.Debug|Any CPU.Build.0 = Debug|Any CPU
		{0499A145-06CA-40AF-B874-4A70872DBEF4}.Debug|Any CPU.Deploy.0 = Debug|Any CPU
		{0499A145-06CA-40AF-B874-4A70872DBEF4}.Release|Any CPU.ActiveCfg = Release|Any CPU
		{0499A145-06CA-40AF-B874-4A70872DBEF4}.Release|Any CPU.Build.0 = Release|Any CPU
		{0499A145-06CA-40AF-B874-4A70872DBEF4}.Release|Any CPU.Deploy.0 = Release|Any CPU
		{F1A1F7E1-7000-4DDF-BB16-8E1DCF19ADC9}.Debug|Any CPU.ActiveCfg = Debug|Any CPU
		{F1A1F7E1-7000-4DDF-BB16-8E1DCF19ADC9}.Debug|Any CPU.Build.0 = Debug|Any CPU
		{F1A1F7E1-7000-4DDF-BB16-8E1DCF19ADC9}.Debug|Any CPU.Deploy.0 = Debug|Any CPU
		{F1A1F7E1-7000-4DDF-BB16-8E1DCF19ADC9}.Release|Any CPU.ActiveCfg = Release|Any CPU
		{F1A1F7E1-7000-4DDF-BB16-8E1DCF19ADC9}.Release|Any CPU.Build.0 = Release|Any CPU
		{F1A1F7E1-7000-4DDF-BB16-8E1DCF19ADC9}.Release|Any CPU.Deploy.0 = Release|Any CPU
		{1FE388E7-066A-4054-B6A1-51A26A760F71}.Debug|Any CPU.ActiveCfg = Debug|Any CPU
		{1FE388E7-066A-4054-B6A1-51A26A760F71}.Debug|Any CPU.Build.0 = Debug|Any CPU
		{1FE388E7-066A-4054-B6A1-51A26A760F71}.Debug|Any CPU.Deploy.0 = Debug|Any CPU
		{1FE388E7-066A-4054-B6A1-51A26A760F71}.Release|Any CPU.ActiveCfg = Release|Any CPU
		{1FE388E7-066A-4054-B6A1-51A26A760F71}.Release|Any CPU.Build.0 = Release|Any CPU
		{1FE388E7-066A-4054-B6A1-51A26A760F71}.Release|Any CPU.Deploy.0 = Release|Any CPU
		{01D23872-41CA-40B5-A1E1-2489D142E037}.Debug|Any CPU.ActiveCfg = Debug|Any CPU
		{01D23872-41CA-40B5-A1E1-2489D142E037}.Debug|Any CPU.Build.0 = Debug|Any CPU
		{01D23872-41CA-40B5-A1E1-2489D142E037}.Debug|Any CPU.Deploy.0 = Debug|Any CPU
		{01D23872-41CA-40B5-A1E1-2489D142E037}.Release|Any CPU.ActiveCfg = Release|Any CPU
		{01D23872-41CA-40B5-A1E1-2489D142E037}.Release|Any CPU.Build.0 = Release|Any CPU
		{01D23872-41CA-40B5-A1E1-2489D142E037}.Release|Any CPU.Deploy.0 = Release|Any CPU
		{49ADDEF0-A6C1-4D6F-9EEE-653688FF6E04}.Debug|Any CPU.ActiveCfg = Debug|Any CPU
		{49ADDEF0-A6C1-4D6F-9EEE-653688FF6E04}.Debug|Any CPU.Build.0 = Debug|Any CPU
		{49ADDEF0-A6C1-4D6F-9EEE-653688FF6E04}.Debug|Any CPU.Deploy.0 = Debug|Any CPU
		{49ADDEF0-A6C1-4D6F-9EEE-653688FF6E04}.Release|Any CPU.ActiveCfg = Release|Any CPU
		{49ADDEF0-A6C1-4D6F-9EEE-653688FF6E04}.Release|Any CPU.Build.0 = Release|Any CPU
		{49ADDEF0-A6C1-4D6F-9EEE-653688FF6E04}.Release|Any CPU.Deploy.0 = Release|Any CPU
		{43E62163-57DD-48B5-BB4C-1AD583490A5E}.Debug|Any CPU.ActiveCfg = Debug|Any CPU
		{43E62163-57DD-48B5-BB4C-1AD583490A5E}.Debug|Any CPU.Build.0 = Debug|Any CPU
		{43E62163-57DD-48B5-BB4C-1AD583490A5E}.Debug|Any CPU.Deploy.0 = Debug|Any CPU
		{43E62163-57DD-48B5-BB4C-1AD583490A5E}.Release|Any CPU.ActiveCfg = Release|Any CPU
		{43E62163-57DD-48B5-BB4C-1AD583490A5E}.Release|Any CPU.Build.0 = Release|Any CPU
		{43E62163-57DD-48B5-BB4C-1AD583490A5E}.Release|Any CPU.Deploy.0 = Release|Any CPU
		{B3701883-3489-4BFF-B40D-B40A9303A168}.Debug|Any CPU.ActiveCfg = Debug|Any CPU
		{B3701883-3489-4BFF-B40D-B40A9303A168}.Debug|Any CPU.Build.0 = Debug|Any CPU
		{B3701883-3489-4BFF-B40D-B40A9303A168}.Debug|Any CPU.Deploy.0 = Debug|Any CPU
		{B3701883-3489-4BFF-B40D-B40A9303A168}.Release|Any CPU.ActiveCfg = Release|Any CPU
		{B3701883-3489-4BFF-B40D-B40A9303A168}.Release|Any CPU.Build.0 = Release|Any CPU
		{B3701883-3489-4BFF-B40D-B40A9303A168}.Release|Any CPU.Deploy.0 = Release|Any CPU
		{B6561631-EB96-4B27-823A-A9D2E44F1A0C}.Debug|Any CPU.ActiveCfg = Debug|Any CPU
		{B6561631-EB96-4B27-823A-A9D2E44F1A0C}.Debug|Any CPU.Build.0 = Debug|Any CPU
		{B6561631-EB96-4B27-823A-A9D2E44F1A0C}.Debug|Any CPU.Deploy.0 = Debug|Any CPU
		{B6561631-EB96-4B27-823A-A9D2E44F1A0C}.Release|Any CPU.ActiveCfg = Release|Any CPU
		{B6561631-EB96-4B27-823A-A9D2E44F1A0C}.Release|Any CPU.Build.0 = Release|Any CPU
		{B6561631-EB96-4B27-823A-A9D2E44F1A0C}.Release|Any CPU.Deploy.0 = Release|Any CPU
		{6B3AC884-02E3-461A-8E7B-0CBD4AB6CA8C}.Debug|Any CPU.ActiveCfg = Debug|Any CPU
		{6B3AC884-02E3-461A-8E7B-0CBD4AB6CA8C}.Debug|Any CPU.Build.0 = Debug|Any CPU
		{6B3AC884-02E3-461A-8E7B-0CBD4AB6CA8C}.Debug|Any CPU.Deploy.0 = Debug|Any CPU
		{6B3AC884-02E3-461A-8E7B-0CBD4AB6CA8C}.Release|Any CPU.ActiveCfg = Release|Any CPU
		{6B3AC884-02E3-461A-8E7B-0CBD4AB6CA8C}.Release|Any CPU.Build.0 = Release|Any CPU
		{6B3AC884-02E3-461A-8E7B-0CBD4AB6CA8C}.Release|Any CPU.Deploy.0 = Release|Any CPU
		{10C8DB14-9D2E-4F97-B013-3B5A42197D8D}.Debug|Any CPU.ActiveCfg = Debug|Any CPU
		{10C8DB14-9D2E-4F97-B013-3B5A42197D8D}.Debug|Any CPU.Build.0 = Debug|Any CPU
		{10C8DB14-9D2E-4F97-B013-3B5A42197D8D}.Debug|Any CPU.Deploy.0 = Debug|Any CPU
		{10C8DB14-9D2E-4F97-B013-3B5A42197D8D}.Release|Any CPU.ActiveCfg = Release|Any CPU
		{10C8DB14-9D2E-4F97-B013-3B5A42197D8D}.Release|Any CPU.Build.0 = Release|Any CPU
		{10C8DB14-9D2E-4F97-B013-3B5A42197D8D}.Release|Any CPU.Deploy.0 = Release|Any CPU
		{3ED33763-554A-4FBA-BE37-7504B9BEF0DB}.Debug|Any CPU.ActiveCfg = Debug|Any CPU
		{3ED33763-554A-4FBA-BE37-7504B9BEF0DB}.Debug|Any CPU.Build.0 = Debug|Any CPU
		{3ED33763-554A-4FBA-BE37-7504B9BEF0DB}.Debug|Any CPU.Deploy.0 = Debug|Any CPU
		{3ED33763-554A-4FBA-BE37-7504B9BEF0DB}.Release|Any CPU.ActiveCfg = Release|Any CPU
		{3ED33763-554A-4FBA-BE37-7504B9BEF0DB}.Release|Any CPU.Build.0 = Release|Any CPU
		{3ED33763-554A-4FBA-BE37-7504B9BEF0DB}.Release|Any CPU.Deploy.0 = Release|Any CPU
		{332652B7-3B65-4020-983F-B7CB6ECAB891}.Debug|Any CPU.ActiveCfg = Debug|Any CPU
		{332652B7-3B65-4020-983F-B7CB6ECAB891}.Debug|Any CPU.Build.0 = Debug|Any CPU
		{332652B7-3B65-4020-983F-B7CB6ECAB891}.Debug|Any CPU.Deploy.0 = Debug|Any CPU
		{332652B7-3B65-4020-983F-B7CB6ECAB891}.Release|Any CPU.ActiveCfg = Release|Any CPU
		{332652B7-3B65-4020-983F-B7CB6ECAB891}.Release|Any CPU.Build.0 = Release|Any CPU
		{332652B7-3B65-4020-983F-B7CB6ECAB891}.Release|Any CPU.Deploy.0 = Release|Any CPU
		{38EB166C-F13B-4AA2-9AE0-B831A4A731B2}.Debug|Any CPU.ActiveCfg = Debug|Any CPU
		{38EB166C-F13B-4AA2-9AE0-B831A4A731B2}.Debug|Any CPU.Build.0 = Debug|Any CPU
		{38EB166C-F13B-4AA2-9AE0-B831A4A731B2}.Debug|Any CPU.Deploy.0 = Debug|Any CPU
		{38EB166C-F13B-4AA2-9AE0-B831A4A731B2}.Release|Any CPU.ActiveCfg = Release|Any CPU
		{38EB166C-F13B-4AA2-9AE0-B831A4A731B2}.Release|Any CPU.Build.0 = Release|Any CPU
		{38EB166C-F13B-4AA2-9AE0-B831A4A731B2}.Release|Any CPU.Deploy.0 = Release|Any CPU
		{C69EA2E0-729A-49C1-99D2-EA95ACFB42DD}.Debug|Any CPU.ActiveCfg = Debug|Any CPU
		{C69EA2E0-729A-49C1-99D2-EA95ACFB42DD}.Debug|Any CPU.Build.0 = Debug|Any CPU
		{C69EA2E0-729A-49C1-99D2-EA95ACFB42DD}.Debug|Any CPU.Deploy.0 = Debug|Any CPU
		{C69EA2E0-729A-49C1-99D2-EA95ACFB42DD}.Release|Any CPU.ActiveCfg = Release|Any CPU
		{C69EA2E0-729A-49C1-99D2-EA95ACFB42DD}.Release|Any CPU.Build.0 = Release|Any CPU
		{C69EA2E0-729A-49C1-99D2-EA95ACFB42DD}.Release|Any CPU.Deploy.0 = Release|Any CPU
		{AAC97CDC-FBC3-441F-9473-675EE8314E2B}.Debug|Any CPU.ActiveCfg = Debug|Any CPU
		{AAC97CDC-FBC3-441F-9473-675EE8314E2B}.Debug|Any CPU.Build.0 = Debug|Any CPU
		{AAC97CDC-FBC3-441F-9473-675EE8314E2B}.Debug|Any CPU.Deploy.0 = Debug|Any CPU
		{AAC97CDC-FBC3-441F-9473-675EE8314E2B}.Release|Any CPU.ActiveCfg = Release|Any CPU
		{AAC97CDC-FBC3-441F-9473-675EE8314E2B}.Release|Any CPU.Build.0 = Release|Any CPU
		{AAC97CDC-FBC3-441F-9473-675EE8314E2B}.Release|Any CPU.Deploy.0 = Release|Any CPU
		{3903C6CF-E7EB-4259-9F0A-E4686EC0C701}.Debug|Any CPU.ActiveCfg = Debug|Any CPU
		{3903C6CF-E7EB-4259-9F0A-E4686EC0C701}.Debug|Any CPU.Build.0 = Debug|Any CPU
		{3903C6CF-E7EB-4259-9F0A-E4686EC0C701}.Debug|Any CPU.Deploy.0 = Debug|Any CPU
		{3903C6CF-E7EB-4259-9F0A-E4686EC0C701}.Release|Any CPU.ActiveCfg = Release|Any CPU
		{3903C6CF-E7EB-4259-9F0A-E4686EC0C701}.Release|Any CPU.Build.0 = Release|Any CPU
		{3903C6CF-E7EB-4259-9F0A-E4686EC0C701}.Release|Any CPU.Deploy.0 = Release|Any CPU
		{0773D9AF-7BAC-4F6A-A24E-6DA99FAACEF8}.Debug|Any CPU.ActiveCfg = Debug|Any CPU
		{0773D9AF-7BAC-4F6A-A24E-6DA99FAACEF8}.Debug|Any CPU.Build.0 = Debug|Any CPU
		{0773D9AF-7BAC-4F6A-A24E-6DA99FAACEF8}.Debug|Any CPU.Deploy.0 = Debug|Any CPU
		{0773D9AF-7BAC-4F6A-A24E-6DA99FAACEF8}.Release|Any CPU.ActiveCfg = Release|Any CPU
		{0773D9AF-7BAC-4F6A-A24E-6DA99FAACEF8}.Release|Any CPU.Build.0 = Release|Any CPU
		{0773D9AF-7BAC-4F6A-A24E-6DA99FAACEF8}.Release|Any CPU.Deploy.0 = Release|Any CPU
		{3E8DABDD-6CE0-423F-8C10-A42BDC7093A4}.Debug|Any CPU.ActiveCfg = Debug|Any CPU
		{3E8DABDD-6CE0-423F-8C10-A42BDC7093A4}.Debug|Any CPU.Build.0 = Debug|Any CPU
		{3E8DABDD-6CE0-423F-8C10-A42BDC7093A4}.Debug|Any CPU.Deploy.0 = Debug|Any CPU
		{3E8DABDD-6CE0-423F-8C10-A42BDC7093A4}.Release|Any CPU.ActiveCfg = Release|Any CPU
		{3E8DABDD-6CE0-423F-8C10-A42BDC7093A4}.Release|Any CPU.Build.0 = Release|Any CPU
		{3E8DABDD-6CE0-423F-8C10-A42BDC7093A4}.Release|Any CPU.Deploy.0 = Release|Any CPU
		{EE6A1A60-72F2-4EC1-A3AE-C3DF68862229}.Debug|Any CPU.ActiveCfg = Debug|Any CPU
		{EE6A1A60-72F2-4EC1-A3AE-C3DF68862229}.Debug|Any CPU.Build.0 = Debug|Any CPU
		{EE6A1A60-72F2-4EC1-A3AE-C3DF68862229}.Debug|Any CPU.Deploy.0 = Debug|Any CPU
		{EE6A1A60-72F2-4EC1-A3AE-C3DF68862229}.Release|Any CPU.ActiveCfg = Release|Any CPU
		{EE6A1A60-72F2-4EC1-A3AE-C3DF68862229}.Release|Any CPU.Build.0 = Release|Any CPU
		{EE6A1A60-72F2-4EC1-A3AE-C3DF68862229}.Release|Any CPU.Deploy.0 = Release|Any CPU
		{4A98E3B6-41B9-4DF7-9F36-4EF67AF5241F}.Debug|Any CPU.ActiveCfg = Debug|Any CPU
		{4A98E3B6-41B9-4DF7-9F36-4EF67AF5241F}.Debug|Any CPU.Build.0 = Debug|Any CPU
		{4A98E3B6-41B9-4DF7-9F36-4EF67AF5241F}.Debug|Any CPU.Deploy.0 = Debug|Any CPU
		{4A98E3B6-41B9-4DF7-9F36-4EF67AF5241F}.Release|Any CPU.ActiveCfg = Release|Any CPU
		{4A98E3B6-41B9-4DF7-9F36-4EF67AF5241F}.Release|Any CPU.Build.0 = Release|Any CPU
		{4A98E3B6-41B9-4DF7-9F36-4EF67AF5241F}.Release|Any CPU.Deploy.0 = Release|Any CPU
		{1017A416-9620-4854-864A-FFDFE3C91BFB}.Debug|Any CPU.ActiveCfg = Debug|Any CPU
		{1017A416-9620-4854-864A-FFDFE3C91BFB}.Debug|Any CPU.Build.0 = Debug|Any CPU
		{1017A416-9620-4854-864A-FFDFE3C91BFB}.Debug|Any CPU.Deploy.0 = Debug|Any CPU
		{1017A416-9620-4854-864A-FFDFE3C91BFB}.Release|Any CPU.ActiveCfg = Release|Any CPU
		{1017A416-9620-4854-864A-FFDFE3C91BFB}.Release|Any CPU.Build.0 = Release|Any CPU
		{1017A416-9620-4854-864A-FFDFE3C91BFB}.Release|Any CPU.Deploy.0 = Release|Any CPU
		{86BF2A03-E16A-4345-8F03-D884EBC74F64}.Debug|Any CPU.ActiveCfg = Debug|Any CPU
		{86BF2A03-E16A-4345-8F03-D884EBC74F64}.Debug|Any CPU.Build.0 = Debug|Any CPU
		{86BF2A03-E16A-4345-8F03-D884EBC74F64}.Debug|Any CPU.Deploy.0 = Debug|Any CPU
		{86BF2A03-E16A-4345-8F03-D884EBC74F64}.Release|Any CPU.ActiveCfg = Release|Any CPU
		{86BF2A03-E16A-4345-8F03-D884EBC74F64}.Release|Any CPU.Build.0 = Release|Any CPU
		{86BF2A03-E16A-4345-8F03-D884EBC74F64}.Release|Any CPU.Deploy.0 = Release|Any CPU
		{C674C8AF-5E70-41B4-A752-6BF8CDF7C259}.Debug|Any CPU.ActiveCfg = Debug|Any CPU
		{C674C8AF-5E70-41B4-A752-6BF8CDF7C259}.Debug|Any CPU.Build.0 = Debug|Any CPU
		{C674C8AF-5E70-41B4-A752-6BF8CDF7C259}.Debug|Any CPU.Deploy.0 = Debug|Any CPU
		{C674C8AF-5E70-41B4-A752-6BF8CDF7C259}.Release|Any CPU.ActiveCfg = Release|Any CPU
		{C674C8AF-5E70-41B4-A752-6BF8CDF7C259}.Release|Any CPU.Build.0 = Release|Any CPU
		{C674C8AF-5E70-41B4-A752-6BF8CDF7C259}.Release|Any CPU.Deploy.0 = Release|Any CPU
		{C02EF6A7-04E8-446D-AB58-B86682D37DD0}.Debug|Any CPU.ActiveCfg = Debug|Any CPU
		{C02EF6A7-04E8-446D-AB58-B86682D37DD0}.Debug|Any CPU.Build.0 = Debug|Any CPU
		{C02EF6A7-04E8-446D-AB58-B86682D37DD0}.Debug|Any CPU.Deploy.0 = Debug|Any CPU
		{C02EF6A7-04E8-446D-AB58-B86682D37DD0}.Release|Any CPU.ActiveCfg = Release|Any CPU
		{C02EF6A7-04E8-446D-AB58-B86682D37DD0}.Release|Any CPU.Build.0 = Release|Any CPU
		{C02EF6A7-04E8-446D-AB58-B86682D37DD0}.Release|Any CPU.Deploy.0 = Release|Any CPU
		{55D548E1-9538-4A07-8E90-48B746945277}.Debug|Any CPU.ActiveCfg = Debug|Any CPU
		{55D548E1-9538-4A07-8E90-48B746945277}.Debug|Any CPU.Build.0 = Debug|Any CPU
		{55D548E1-9538-4A07-8E90-48B746945277}.Debug|Any CPU.Deploy.0 = Debug|Any CPU
		{55D548E1-9538-4A07-8E90-48B746945277}.Release|Any CPU.ActiveCfg = Release|Any CPU
		{55D548E1-9538-4A07-8E90-48B746945277}.Release|Any CPU.Build.0 = Release|Any CPU
		{55D548E1-9538-4A07-8E90-48B746945277}.Release|Any CPU.Deploy.0 = Release|Any CPU
		{9C5BA258-104D-4085-B053-004B10C5E185}.Debug|Any CPU.ActiveCfg = Debug|Any CPU
		{9C5BA258-104D-4085-B053-004B10C5E185}.Debug|Any CPU.Build.0 = Debug|Any CPU
		{9C5BA258-104D-4085-B053-004B10C5E185}.Debug|Any CPU.Deploy.0 = Debug|Any CPU
		{9C5BA258-104D-4085-B053-004B10C5E185}.Release|Any CPU.ActiveCfg = Release|Any CPU
		{9C5BA258-104D-4085-B053-004B10C5E185}.Release|Any CPU.Build.0 = Release|Any CPU
		{9C5BA258-104D-4085-B053-004B10C5E185}.Release|Any CPU.Deploy.0 = Release|Any CPU
		{FEA991D1-9974-4BE5-AF4F-C78A09372A2E}.Debug|Any CPU.ActiveCfg = Debug|Any CPU
		{FEA991D1-9974-4BE5-AF4F-C78A09372A2E}.Debug|Any CPU.Build.0 = Debug|Any CPU
		{FEA991D1-9974-4BE5-AF4F-C78A09372A2E}.Debug|Any CPU.Deploy.0 = Debug|Any CPU
		{FEA991D1-9974-4BE5-AF4F-C78A09372A2E}.Release|Any CPU.ActiveCfg = Release|Any CPU
		{FEA991D1-9974-4BE5-AF4F-C78A09372A2E}.Release|Any CPU.Build.0 = Release|Any CPU
		{FEA991D1-9974-4BE5-AF4F-C78A09372A2E}.Release|Any CPU.Deploy.0 = Release|Any CPU
		{DC01CA0B-A1FD-48CC-B0AA-1513AEC7D108}.Debug|Any CPU.ActiveCfg = Debug|Any CPU
		{DC01CA0B-A1FD-48CC-B0AA-1513AEC7D108}.Debug|Any CPU.Build.0 = Debug|Any CPU
		{DC01CA0B-A1FD-48CC-B0AA-1513AEC7D108}.Debug|Any CPU.Deploy.0 = Debug|Any CPU
		{DC01CA0B-A1FD-48CC-B0AA-1513AEC7D108}.Release|Any CPU.ActiveCfg = Release|Any CPU
		{DC01CA0B-A1FD-48CC-B0AA-1513AEC7D108}.Release|Any CPU.Build.0 = Release|Any CPU
		{DC01CA0B-A1FD-48CC-B0AA-1513AEC7D108}.Release|Any CPU.Deploy.0 = Release|Any CPU
		{B934BE31-ECE4-4C12-B4D9-C9B9433D2181}.Debug|Any CPU.ActiveCfg = Debug|Any CPU
		{B934BE31-ECE4-4C12-B4D9-C9B9433D2181}.Debug|Any CPU.Build.0 = Debug|Any CPU
		{B934BE31-ECE4-4C12-B4D9-C9B9433D2181}.Release|Any CPU.ActiveCfg = Release|Any CPU
		{B934BE31-ECE4-4C12-B4D9-C9B9433D2181}.Release|Any CPU.Build.0 = Release|Any CPU
		{99D74E29-CB11-4906-87D3-C9288986A7AE}.Debug|Any CPU.ActiveCfg = Debug|Any CPU
		{99D74E29-CB11-4906-87D3-C9288986A7AE}.Debug|Any CPU.Build.0 = Debug|Any CPU
		{99D74E29-CB11-4906-87D3-C9288986A7AE}.Debug|Any CPU.Deploy.0 = Debug|Any CPU
		{99D74E29-CB11-4906-87D3-C9288986A7AE}.Release|Any CPU.ActiveCfg = Release|Any CPU
		{99D74E29-CB11-4906-87D3-C9288986A7AE}.Release|Any CPU.Build.0 = Release|Any CPU
		{99D74E29-CB11-4906-87D3-C9288986A7AE}.Release|Any CPU.Deploy.0 = Release|Any CPU
		{618DCBEC-07DE-4129-930E-B0EBE8D6BB83}.Debug|Any CPU.ActiveCfg = Debug|Any CPU
		{618DCBEC-07DE-4129-930E-B0EBE8D6BB83}.Debug|Any CPU.Build.0 = Debug|Any CPU
		{618DCBEC-07DE-4129-930E-B0EBE8D6BB83}.Debug|Any CPU.Deploy.0 = Debug|Any CPU
		{618DCBEC-07DE-4129-930E-B0EBE8D6BB83}.Release|Any CPU.ActiveCfg = Release|Any CPU
		{618DCBEC-07DE-4129-930E-B0EBE8D6BB83}.Release|Any CPU.Build.0 = Release|Any CPU
		{618DCBEC-07DE-4129-930E-B0EBE8D6BB83}.Release|Any CPU.Deploy.0 = Release|Any CPU
		{41F69431-BED5-44C0-9AD7-14E5BCA10BC8}.Debug|Any CPU.ActiveCfg = Debug|Any CPU
		{41F69431-BED5-44C0-9AD7-14E5BCA10BC8}.Debug|Any CPU.Build.0 = Debug|Any CPU
		{41F69431-BED5-44C0-9AD7-14E5BCA10BC8}.Debug|Any CPU.Deploy.0 = Debug|Any CPU
		{41F69431-BED5-44C0-9AD7-14E5BCA10BC8}.Release|Any CPU.ActiveCfg = Release|Any CPU
		{41F69431-BED5-44C0-9AD7-14E5BCA10BC8}.Release|Any CPU.Build.0 = Release|Any CPU
		{41F69431-BED5-44C0-9AD7-14E5BCA10BC8}.Release|Any CPU.Deploy.0 = Release|Any CPU
		{BD12468C-6470-4570-A69E-AE32DFB22FEB}.Debug|Any CPU.ActiveCfg = Debug|Any CPU
		{BD12468C-6470-4570-A69E-AE32DFB22FEB}.Debug|Any CPU.Build.0 = Debug|Any CPU
		{BD12468C-6470-4570-A69E-AE32DFB22FEB}.Debug|Any CPU.Deploy.0 = Debug|Any CPU
		{BD12468C-6470-4570-A69E-AE32DFB22FEB}.Release|Any CPU.ActiveCfg = Release|Any CPU
		{BD12468C-6470-4570-A69E-AE32DFB22FEB}.Release|Any CPU.Build.0 = Release|Any CPU
		{BD12468C-6470-4570-A69E-AE32DFB22FEB}.Release|Any CPU.Deploy.0 = Release|Any CPU
		{CEB4296D-B8C0-487E-AFAF-15CEB626D020}.Debug|Any CPU.ActiveCfg = Debug|Any CPU
		{CEB4296D-B8C0-487E-AFAF-15CEB626D020}.Debug|Any CPU.Build.0 = Debug|Any CPU
		{CEB4296D-B8C0-487E-AFAF-15CEB626D020}.Debug|Any CPU.Deploy.0 = Debug|Any CPU
		{CEB4296D-B8C0-487E-AFAF-15CEB626D020}.Release|Any CPU.ActiveCfg = Release|Any CPU
		{CEB4296D-B8C0-487E-AFAF-15CEB626D020}.Release|Any CPU.Build.0 = Release|Any CPU
		{CEB4296D-B8C0-487E-AFAF-15CEB626D020}.Release|Any CPU.Deploy.0 = Release|Any CPU
		{255AEA41-33C4-4D5D-8BED-A3A25BF461CD}.Debug|Any CPU.ActiveCfg = Debug|Any CPU
		{255AEA41-33C4-4D5D-8BED-A3A25BF461CD}.Debug|Any CPU.Build.0 = Debug|Any CPU
		{255AEA41-33C4-4D5D-8BED-A3A25BF461CD}.Debug|Any CPU.Deploy.0 = Debug|Any CPU
		{255AEA41-33C4-4D5D-8BED-A3A25BF461CD}.Release|Any CPU.ActiveCfg = Release|Any CPU
		{255AEA41-33C4-4D5D-8BED-A3A25BF461CD}.Release|Any CPU.Build.0 = Release|Any CPU
		{255AEA41-33C4-4D5D-8BED-A3A25BF461CD}.Release|Any CPU.Deploy.0 = Release|Any CPU
		{FC3ED072-9F37-441B-B43E-250F9CF55134}.Debug|Any CPU.ActiveCfg = Debug|Any CPU
		{FC3ED072-9F37-441B-B43E-250F9CF55134}.Debug|Any CPU.Build.0 = Debug|Any CPU
		{FC3ED072-9F37-441B-B43E-250F9CF55134}.Debug|Any CPU.Deploy.0 = Debug|Any CPU
		{FC3ED072-9F37-441B-B43E-250F9CF55134}.Release|Any CPU.ActiveCfg = Release|Any CPU
		{FC3ED072-9F37-441B-B43E-250F9CF55134}.Release|Any CPU.Build.0 = Release|Any CPU
		{FC3ED072-9F37-441B-B43E-250F9CF55134}.Release|Any CPU.Deploy.0 = Release|Any CPU
		{EBDEA15F-3D5F-4FDC-8CFC-37200F2B84D9}.Debug|Any CPU.ActiveCfg = Debug|Any CPU
		{EBDEA15F-3D5F-4FDC-8CFC-37200F2B84D9}.Debug|Any CPU.Build.0 = Debug|Any CPU
		{EBDEA15F-3D5F-4FDC-8CFC-37200F2B84D9}.Release|Any CPU.ActiveCfg = Release|Any CPU
		{EBDEA15F-3D5F-4FDC-8CFC-37200F2B84D9}.Release|Any CPU.Build.0 = Release|Any CPU
		{36D6DEBE-A016-4C00-9188-6A10AB3AD94B}.Debug|Any CPU.ActiveCfg = Debug|Any CPU
		{36D6DEBE-A016-4C00-9188-6A10AB3AD94B}.Debug|Any CPU.Build.0 = Debug|Any CPU
		{36D6DEBE-A016-4C00-9188-6A10AB3AD94B}.Debug|Any CPU.Deploy.0 = Debug|Any CPU
		{36D6DEBE-A016-4C00-9188-6A10AB3AD94B}.Release|Any CPU.ActiveCfg = Release|Any CPU
		{36D6DEBE-A016-4C00-9188-6A10AB3AD94B}.Release|Any CPU.Build.0 = Release|Any CPU
		{36D6DEBE-A016-4C00-9188-6A10AB3AD94B}.Release|Any CPU.Deploy.0 = Release|Any CPU
		{F8A11739-4FB4-46EC-BEF2-2AD70651C637}.Debug|Any CPU.ActiveCfg = Debug|Any CPU
		{F8A11739-4FB4-46EC-BEF2-2AD70651C637}.Debug|Any CPU.Build.0 = Debug|Any CPU
		{F8A11739-4FB4-46EC-BEF2-2AD70651C637}.Debug|Any CPU.Deploy.0 = Debug|Any CPU
		{F8A11739-4FB4-46EC-BEF2-2AD70651C637}.Release|Any CPU.ActiveCfg = Release|Any CPU
		{F8A11739-4FB4-46EC-BEF2-2AD70651C637}.Release|Any CPU.Build.0 = Release|Any CPU
		{F8A11739-4FB4-46EC-BEF2-2AD70651C637}.Release|Any CPU.Deploy.0 = Release|Any CPU
		{61F04774-DB48-4D28-B6B0-1567FCEC418B}.Debug|Any CPU.ActiveCfg = Debug|Any CPU
		{61F04774-DB48-4D28-B6B0-1567FCEC418B}.Debug|Any CPU.Build.0 = Debug|Any CPU
		{61F04774-DB48-4D28-B6B0-1567FCEC418B}.Debug|Any CPU.Deploy.0 = Debug|Any CPU
		{61F04774-DB48-4D28-B6B0-1567FCEC418B}.Release|Any CPU.ActiveCfg = Release|Any CPU
		{61F04774-DB48-4D28-B6B0-1567FCEC418B}.Release|Any CPU.Build.0 = Release|Any CPU
		{61F04774-DB48-4D28-B6B0-1567FCEC418B}.Release|Any CPU.Deploy.0 = Release|Any CPU
	EndGlobalSection
	GlobalSection(SolutionProperties) = preSolution
		HideSolutionNode = FALSE
	EndGlobalSection
	GlobalSection(NestedProjects) = preSolution
		{0C7EC4BB-0504-4AE2-9594-DBCD64D63205} = {ABA9CB14-EE74-4E8A-9486-694024FA590B}
		{14ED79BE-A29C-448A-879C-E81372B66F60} = {ABA9CB14-EE74-4E8A-9486-694024FA590B}
		{B81C65D2-8E4F-42BA-928A-80A318E26810} = {392B80A3-648F-427A-8B4C-4FE12DE61D5F}
		{12FC209E-65D4-40F7-B1D0-47F8FB716FC5} = {392B80A3-648F-427A-8B4C-4FE12DE61D5F}
		{B6561631-EB96-4B27-823A-A9D2E44F1A0C} = {48D0786F-C099-4B7A-81C6-E0604ADBD545}
		{6B3AC884-02E3-461A-8E7B-0CBD4AB6CA8C} = {48D0786F-C099-4B7A-81C6-E0604ADBD545}
		{FEA991D1-9974-4BE5-AF4F-C78A09372A2E} = {48D0786F-C099-4B7A-81C6-E0604ADBD545}
		{DC01CA0B-A1FD-48CC-B0AA-1513AEC7D108} = {48D0786F-C099-4B7A-81C6-E0604ADBD545}
		{B934BE31-ECE4-4C12-B4D9-C9B9433D2181} = {ABA9CB14-EE74-4E8A-9486-694024FA590B}
		{618DCBEC-07DE-4129-930E-B0EBE8D6BB83} = {48D0786F-C099-4B7A-81C6-E0604ADBD545}
		{EBDEA15F-3D5F-4FDC-8CFC-37200F2B84D9} = {ABA9CB14-EE74-4E8A-9486-694024FA590B}
		{F8A11739-4FB4-46EC-BEF2-2AD70651C637} = {392B80A3-648F-427A-8B4C-4FE12DE61D5F}
		{61F04774-DB48-4D28-B6B0-1567FCEC418B} = {E05C1360-D708-4407-8EF2-62D94DEB41B9}
	EndGlobalSection
	GlobalSection(ExtensibilityGlobals) = postSolution
		SolutionGuid = {EEA45087-F8A2-4D0B-B7E1-801FBC3E052E}
	EndGlobalSection
EndGlobal
