
Microsoft Visual Studio Solution File, Format Version 12.00
# Visual Studio Version 17
VisualStudioVersion = 17.0.31512.422
MinimumVisualStudioVersion = 10.0.40219.1
Project("{9A19103F-16F7-4668-BE54-9A1E7A4F7556}") = "Sqlite_EF_Samples_Library", "src\Sqlite_EF_Samples_Library\Sqlite_EF_Samples_Library.csproj", "{760FCAA5-0FD6-41D3-AF4A-0F85F3496420}"
EndProject
Project("{9A19103F-16F7-4668-BE54-9A1E7A4F7556}") = "App_DevResources", "src\App_DevResources\App_DevResources.csproj", "{0C7EC4BB-0504-4AE2-9594-DBCD64D63205}"
EndProject
Project("{9A19103F-16F7-4668-BE54-9A1E7A4F7556}") = "Geolocation_Samples", "src\Geolocation_Samples\Geolocation_Samples.csproj", "{BB83ECFE-674A-43AF-993C-71D76E93068A}"
EndProject
Project("{9A19103F-16F7-4668-BE54-9A1E7A4F7556}") = "Localization_Samples", "src\Localization_Samples\Localization_Samples.csproj", "{38060788-DD9D-4120-A902-F479B72379E0}"
EndProject
Project("{9A19103F-16F7-4668-BE54-9A1E7A4F7556}") = "Sqlite_Dapper_Samples", "src\Sqlite_Dapper_Samples\Sqlite_Dapper_Samples.csproj", "{4FE244F6-1228-4AE4-8D82-6C12748EE8F4}"
EndProject
Project("{9A19103F-16F7-4668-BE54-9A1E7A4F7556}") = "Sqlite_EF_Samples", "src\Sqlite_EF_Samples\Sqlite_EF_Samples.csproj", "{446881AA-A72B-412E-A9CD-B05B976F3110}"
EndProject
Project("{9A19103F-16F7-4668-BE54-9A1E7A4F7556}") = "ViewModelIocSample", "src\ViewModelIocSample\ViewModelIocSample.csproj", "{0C798BBD-A574-4426-81D7-CAC7941FB8A2}"
EndProject
Project("{9A19103F-16F7-4668-BE54-9A1E7A4F7556}") = "CollectionView_Samples", "src\CollectionView_Samples\CollectionView_Samples.csproj", "{A3C8B197-3745-4414-811E-EE6FBF3CB272}"
EndProject
Project("{9A19103F-16F7-4668-BE54-9A1E7A4F7556}") = "MauiSharedLibrary", "src\MauiSharedLibrary\MauiSharedLibrary.csproj", "{5DA3E656-3E54-40C0-9BD5-5602614807AD}"
EndProject
Project("{9A19103F-16F7-4668-BE54-9A1E7A4F7556}") = "Entry_Samples", "src\Entry_Samples\Entry_Samples.csproj", "{1DBD2B3C-25E1-4D8E-B2D0-39AF6E22FE0B}"
EndProject
Project("{9A19103F-16F7-4668-BE54-9A1E7A4F7556}") = "StartupConfigurationSample", "src\StartupConfigurationSample\StartupConfigurationSample.csproj", "{37B29A34-111C-4C9F-9182-208818E76000}"
EndProject
Project("{9A19103F-16F7-4668-BE54-9A1E7A4F7556}") = "UiSamples", "src\UiSamples\UiSamples.csproj", "{DCF53200-FA65-4D87-81A6-12D774CD9F0E}"
EndProject
Project("{9A19103F-16F7-4668-BE54-9A1E7A4F7556}") = "RefreshView_Samples", "src\RefreshView_Samples\RefreshView_Samples.csproj", "{112F014E-D597-4B5B-91D1-EF5882780F7D}"
EndProject
Project("{FAE04EC0-301F-11D3-BF4B-00C04F79EFBC}") = "Default_MauiApp", "src\Default_MauiApp\Default_MauiApp.csproj", "{DE55116F-B9DD-4386-8FBC-AFEDC6C55026}"
EndProject
Project("{FAE04EC0-301F-11D3-BF4B-00C04F79EFBC}") = "AsyncCommandMvvm", "src\AsyncCommandMvvm\AsyncCommandMvvm.csproj", "{4B60F1D9-8D3F-4D36-AE21-EEF56FAB9A63}"
EndProject
Project("{FAE04EC0-301F-11D3-BF4B-00C04F79EFBC}") = "Button_Samples", "src\Button_Samples\Button_Samples.csproj", "{9E73E4F8-3771-449C-A40D-CC4E4FD9E424}"
EndProject
Project("{FAE04EC0-301F-11D3-BF4B-00C04F79EFBC}") = "CarouselView_Samples", "src\CarouselView_Samples\CarouselView_Samples.csproj", "{ABA97341-4B22-46C9-8137-34EF22D0F7C9}"
EndProject
Global
	GlobalSection(SolutionConfigurationPlatforms) = preSolution
		Debug|Any CPU = Debug|Any CPU
		Release|Any CPU = Release|Any CPU
	EndGlobalSection
	GlobalSection(ProjectConfigurationPlatforms) = postSolution
		{760FCAA5-0FD6-41D3-AF4A-0F85F3496420}.Debug|Any CPU.ActiveCfg = Debug|Any CPU
		{760FCAA5-0FD6-41D3-AF4A-0F85F3496420}.Debug|Any CPU.Build.0 = Debug|Any CPU
		{760FCAA5-0FD6-41D3-AF4A-0F85F3496420}.Release|Any CPU.ActiveCfg = Release|Any CPU
		{760FCAA5-0FD6-41D3-AF4A-0F85F3496420}.Release|Any CPU.Build.0 = Release|Any CPU
		{0C7EC4BB-0504-4AE2-9594-DBCD64D63205}.Debug|Any CPU.ActiveCfg = Debug|Any CPU
		{0C7EC4BB-0504-4AE2-9594-DBCD64D63205}.Debug|Any CPU.Build.0 = Debug|Any CPU
		{0C7EC4BB-0504-4AE2-9594-DBCD64D63205}.Release|Any CPU.ActiveCfg = Release|Any CPU
		{0C7EC4BB-0504-4AE2-9594-DBCD64D63205}.Release|Any CPU.Build.0 = Release|Any CPU
		{BB83ECFE-674A-43AF-993C-71D76E93068A}.Debug|Any CPU.ActiveCfg = Debug|Any CPU
		{BB83ECFE-674A-43AF-993C-71D76E93068A}.Debug|Any CPU.Build.0 = Debug|Any CPU
		{BB83ECFE-674A-43AF-993C-71D76E93068A}.Debug|Any CPU.Deploy.0 = Debug|Any CPU
		{BB83ECFE-674A-43AF-993C-71D76E93068A}.Release|Any CPU.ActiveCfg = Release|Any CPU
		{BB83ECFE-674A-43AF-993C-71D76E93068A}.Release|Any CPU.Build.0 = Release|Any CPU
		{BB83ECFE-674A-43AF-993C-71D76E93068A}.Release|Any CPU.Deploy.0 = Release|Any CPU
		{38060788-DD9D-4120-A902-F479B72379E0}.Debug|Any CPU.ActiveCfg = Debug|Any CPU
		{38060788-DD9D-4120-A902-F479B72379E0}.Debug|Any CPU.Build.0 = Debug|Any CPU
		{38060788-DD9D-4120-A902-F479B72379E0}.Debug|Any CPU.Deploy.0 = Debug|Any CPU
		{38060788-DD9D-4120-A902-F479B72379E0}.Release|Any CPU.ActiveCfg = Release|Any CPU
		{38060788-DD9D-4120-A902-F479B72379E0}.Release|Any CPU.Build.0 = Release|Any CPU
		{38060788-DD9D-4120-A902-F479B72379E0}.Release|Any CPU.Deploy.0 = Release|Any CPU
		{4FE244F6-1228-4AE4-8D82-6C12748EE8F4}.Debug|Any CPU.ActiveCfg = Debug|Any CPU
		{4FE244F6-1228-4AE4-8D82-6C12748EE8F4}.Debug|Any CPU.Build.0 = Debug|Any CPU
		{4FE244F6-1228-4AE4-8D82-6C12748EE8F4}.Debug|Any CPU.Deploy.0 = Debug|Any CPU
		{4FE244F6-1228-4AE4-8D82-6C12748EE8F4}.Release|Any CPU.ActiveCfg = Release|Any CPU
		{4FE244F6-1228-4AE4-8D82-6C12748EE8F4}.Release|Any CPU.Build.0 = Release|Any CPU
		{4FE244F6-1228-4AE4-8D82-6C12748EE8F4}.Release|Any CPU.Deploy.0 = Release|Any CPU
		{446881AA-A72B-412E-A9CD-B05B976F3110}.Debug|Any CPU.ActiveCfg = Debug|Any CPU
		{446881AA-A72B-412E-A9CD-B05B976F3110}.Debug|Any CPU.Build.0 = Debug|Any CPU
		{446881AA-A72B-412E-A9CD-B05B976F3110}.Debug|Any CPU.Deploy.0 = Debug|Any CPU
		{446881AA-A72B-412E-A9CD-B05B976F3110}.Release|Any CPU.ActiveCfg = Release|Any CPU
		{446881AA-A72B-412E-A9CD-B05B976F3110}.Release|Any CPU.Build.0 = Release|Any CPU
		{446881AA-A72B-412E-A9CD-B05B976F3110}.Release|Any CPU.Deploy.0 = Release|Any CPU
		{0C798BBD-A574-4426-81D7-CAC7941FB8A2}.Debug|Any CPU.ActiveCfg = Debug|Any CPU
		{0C798BBD-A574-4426-81D7-CAC7941FB8A2}.Debug|Any CPU.Build.0 = Debug|Any CPU
		{0C798BBD-A574-4426-81D7-CAC7941FB8A2}.Debug|Any CPU.Deploy.0 = Debug|Any CPU
		{0C798BBD-A574-4426-81D7-CAC7941FB8A2}.Release|Any CPU.ActiveCfg = Release|Any CPU
		{0C798BBD-A574-4426-81D7-CAC7941FB8A2}.Release|Any CPU.Build.0 = Release|Any CPU
		{0C798BBD-A574-4426-81D7-CAC7941FB8A2}.Release|Any CPU.Deploy.0 = Release|Any CPU
		{A3C8B197-3745-4414-811E-EE6FBF3CB272}.Debug|Any CPU.ActiveCfg = Debug|Any CPU
		{A3C8B197-3745-4414-811E-EE6FBF3CB272}.Debug|Any CPU.Build.0 = Debug|Any CPU
		{A3C8B197-3745-4414-811E-EE6FBF3CB272}.Debug|Any CPU.Deploy.0 = Debug|Any CPU
		{A3C8B197-3745-4414-811E-EE6FBF3CB272}.Release|Any CPU.ActiveCfg = Release|Any CPU
		{A3C8B197-3745-4414-811E-EE6FBF3CB272}.Release|Any CPU.Build.0 = Release|Any CPU
		{5DA3E656-3E54-40C0-9BD5-5602614807AD}.Debug|Any CPU.ActiveCfg = Debug|Any CPU
		{5DA3E656-3E54-40C0-9BD5-5602614807AD}.Debug|Any CPU.Build.0 = Debug|Any CPU
		{5DA3E656-3E54-40C0-9BD5-5602614807AD}.Release|Any CPU.ActiveCfg = Release|Any CPU
		{5DA3E656-3E54-40C0-9BD5-5602614807AD}.Release|Any CPU.Build.0 = Release|Any CPU
		{1DBD2B3C-25E1-4D8E-B2D0-39AF6E22FE0B}.Debug|Any CPU.ActiveCfg = Debug|Any CPU
		{1DBD2B3C-25E1-4D8E-B2D0-39AF6E22FE0B}.Debug|Any CPU.Build.0 = Debug|Any CPU
		{1DBD2B3C-25E1-4D8E-B2D0-39AF6E22FE0B}.Debug|Any CPU.Deploy.0 = Debug|Any CPU
		{1DBD2B3C-25E1-4D8E-B2D0-39AF6E22FE0B}.Release|Any CPU.ActiveCfg = Release|Any CPU
		{1DBD2B3C-25E1-4D8E-B2D0-39AF6E22FE0B}.Release|Any CPU.Build.0 = Release|Any CPU
		{37B29A34-111C-4C9F-9182-208818E76000}.Debug|Any CPU.ActiveCfg = Debug|Any CPU
		{37B29A34-111C-4C9F-9182-208818E76000}.Debug|Any CPU.Build.0 = Debug|Any CPU
		{37B29A34-111C-4C9F-9182-208818E76000}.Debug|Any CPU.Deploy.0 = Debug|Any CPU
		{37B29A34-111C-4C9F-9182-208818E76000}.Release|Any CPU.ActiveCfg = Release|Any CPU
		{37B29A34-111C-4C9F-9182-208818E76000}.Release|Any CPU.Build.0 = Release|Any CPU
		{37B29A34-111C-4C9F-9182-208818E76000}.Release|Any CPU.Deploy.0 = Release|Any CPU
		{DCF53200-FA65-4D87-81A6-12D774CD9F0E}.Debug|Any CPU.ActiveCfg = Debug|Any CPU
		{DCF53200-FA65-4D87-81A6-12D774CD9F0E}.Debug|Any CPU.Build.0 = Debug|Any CPU
		{DCF53200-FA65-4D87-81A6-12D774CD9F0E}.Debug|Any CPU.Deploy.0 = Debug|Any CPU
		{DCF53200-FA65-4D87-81A6-12D774CD9F0E}.Release|Any CPU.ActiveCfg = Release|Any CPU
		{DCF53200-FA65-4D87-81A6-12D774CD9F0E}.Release|Any CPU.Build.0 = Release|Any CPU
		{112F014E-D597-4B5B-91D1-EF5882780F7D}.Debug|Any CPU.ActiveCfg = Debug|Any CPU
		{112F014E-D597-4B5B-91D1-EF5882780F7D}.Debug|Any CPU.Build.0 = Debug|Any CPU
		{112F014E-D597-4B5B-91D1-EF5882780F7D}.Debug|Any CPU.Deploy.0 = Debug|Any CPU
		{112F014E-D597-4B5B-91D1-EF5882780F7D}.Release|Any CPU.ActiveCfg = Release|Any CPU
		{112F014E-D597-4B5B-91D1-EF5882780F7D}.Release|Any CPU.Build.0 = Release|Any CPU
		{DE55116F-B9DD-4386-8FBC-AFEDC6C55026}.Debug|Any CPU.ActiveCfg = Debug|Any CPU
		{DE55116F-B9DD-4386-8FBC-AFEDC6C55026}.Debug|Any CPU.Build.0 = Debug|Any CPU
		{DE55116F-B9DD-4386-8FBC-AFEDC6C55026}.Debug|Any CPU.Deploy.0 = Debug|Any CPU
		{DE55116F-B9DD-4386-8FBC-AFEDC6C55026}.Release|Any CPU.ActiveCfg = Release|Any CPU
		{DE55116F-B9DD-4386-8FBC-AFEDC6C55026}.Release|Any CPU.Build.0 = Release|Any CPU
		{4B60F1D9-8D3F-4D36-AE21-EEF56FAB9A63}.Debug|Any CPU.ActiveCfg = Debug|Any CPU
		{4B60F1D9-8D3F-4D36-AE21-EEF56FAB9A63}.Debug|Any CPU.Build.0 = Debug|Any CPU
		{4B60F1D9-8D3F-4D36-AE21-EEF56FAB9A63}.Debug|Any CPU.Deploy.0 = Debug|Any CPU
		{4B60F1D9-8D3F-4D36-AE21-EEF56FAB9A63}.Release|Any CPU.ActiveCfg = Release|Any CPU
		{4B60F1D9-8D3F-4D36-AE21-EEF56FAB9A63}.Release|Any CPU.Build.0 = Release|Any CPU
		{9E73E4F8-3771-449C-A40D-CC4E4FD9E424}.Debug|Any CPU.ActiveCfg = Debug|Any CPU
		{9E73E4F8-3771-449C-A40D-CC4E4FD9E424}.Debug|Any CPU.Build.0 = Debug|Any CPU
		{9E73E4F8-3771-449C-A40D-CC4E4FD9E424}.Debug|Any CPU.Deploy.0 = Debug|Any CPU
		{9E73E4F8-3771-449C-A40D-CC4E4FD9E424}.Release|Any CPU.ActiveCfg = Release|Any CPU
		{9E73E4F8-3771-449C-A40D-CC4E4FD9E424}.Release|Any CPU.Build.0 = Release|Any CPU
		{ABA97341-4B22-46C9-8137-34EF22D0F7C9}.Debug|Any CPU.ActiveCfg = Debug|Any CPU
		{ABA97341-4B22-46C9-8137-34EF22D0F7C9}.Debug|Any CPU.Build.0 = Debug|Any CPU
		{ABA97341-4B22-46C9-8137-34EF22D0F7C9}.Debug|Any CPU.Deploy.0 = Debug|Any CPU
		{ABA97341-4B22-46C9-8137-34EF22D0F7C9}.Release|Any CPU.ActiveCfg = Release|Any CPU
		{ABA97341-4B22-46C9-8137-34EF22D0F7C9}.Release|Any CPU.Build.0 = Release|Any CPU
	EndGlobalSection
	GlobalSection(SolutionProperties) = preSolution
		HideSolutionNode = FALSE
	EndGlobalSection
	GlobalSection(ExtensibilityGlobals) = postSolution
		SolutionGuid = {EEA45087-F8A2-4D0B-B7E1-801FBC3E052E}
	EndGlobalSection
EndGlobal
